// !$*UTF8*$!
{
	archiveVersion = 1;
	classes = {
	};
	objectVersion = 48;
	objects = {

/* Begin PBXBuildFile section */
		375784DB1FEEEB0600EC9C18 /* BLEManager.swift in Sources */ = {isa = PBXBuildFile; fileRef = 375784DA1FEEEB0600EC9C18 /* BLEManager.swift */; };
		377570831FEF98EE0087D487 /* BuildButton.sdef in Resources */ = {isa = PBXBuildFile; fileRef = 377570821FEF98EE0087D487 /* BuildButton.sdef */; };
		377570861FEFD4540087D487 /* FinishCommand.swift in Sources */ = {isa = PBXBuildFile; fileRef = 377570851FEFD4540087D487 /* FinishCommand.swift */; };
		377570881FEFD9860087D487 /* run_in_terminal.scpt in Resources */ = {isa = PBXBuildFile; fileRef = 377570871FEFD9860087D487 /* run_in_terminal.scpt */; };
		37BD31961FEDA151005AF17F /* AppDelegate.swift in Sources */ = {isa = PBXBuildFile; fileRef = 37BD31951FEDA151005AF17F /* AppDelegate.swift */; };
		37BD319A1FEDA151005AF17F /* Assets.xcassets in Resources */ = {isa = PBXBuildFile; fileRef = 37BD31991FEDA151005AF17F /* Assets.xcassets */; };
		37BD319D1FEDA151005AF17F /* Main.storyboard in Resources */ = {isa = PBXBuildFile; fileRef = 37BD319B1FEDA151005AF17F /* Main.storyboard */; };
		37BD31A91FEDA151005AF17F /* BuildButtonTests.swift in Sources */ = {isa = PBXBuildFile; fileRef = 37BD31A81FEDA151005AF17F /* BuildButtonTests.swift */; };
		37C1ADE61FEF305F00430574 /* PreferencesViewController.swift in Sources */ = {isa = PBXBuildFile; fileRef = 37C1ADE51FEF305F00430574 /* PreferencesViewController.swift */; };
		37C1ADE81FEF338200430574 /* EventMonitor.swift in Sources */ = {isa = PBXBuildFile; fileRef = 37C1ADE71FEF338200430574 /* EventMonitor.swift */; };
/* End PBXBuildFile section */

/* Begin PBXContainerItemProxy section */
		37BD31A51FEDA151005AF17F /* PBXContainerItemProxy */ = {
			isa = PBXContainerItemProxy;
			containerPortal = 37BD318A1FEDA151005AF17F /* Project object */;
			proxyType = 1;
			remoteGlobalIDString = 37BD31911FEDA151005AF17F;
			remoteInfo = BuildButton;
		};
/* End PBXContainerItemProxy section */

/* Begin PBXFileReference section */
		375784DA1FEEEB0600EC9C18 /* BLEManager.swift */ = {isa = PBXFileReference; lastKnownFileType = sourcecode.swift; path = BLEManager.swift; sourceTree = "<group>"; };
		377570821FEF98EE0087D487 /* BuildButton.sdef */ = {isa = PBXFileReference; fileEncoding = 4; lastKnownFileType = text.xml; path = BuildButton.sdef; sourceTree = "<group>"; };
		377570851FEFD4540087D487 /* FinishCommand.swift */ = {isa = PBXFileReference; lastKnownFileType = sourcecode.swift; path = FinishCommand.swift; sourceTree = "<group>"; };
		377570871FEFD9860087D487 /* run_in_terminal.scpt */ = {isa = PBXFileReference; fileEncoding = 4; lastKnownFileType = text; path = run_in_terminal.scpt; sourceTree = "<group>"; };
		37BD31921FEDA151005AF17F /* BuildButton.app */ = {isa = PBXFileReference; explicitFileType = wrapper.application; includeInIndex = 0; path = BuildButton.app; sourceTree = BUILT_PRODUCTS_DIR; };
		37BD31951FEDA151005AF17F /* AppDelegate.swift */ = {isa = PBXFileReference; lastKnownFileType = sourcecode.swift; path = AppDelegate.swift; sourceTree = "<group>"; };
		37BD31991FEDA151005AF17F /* Assets.xcassets */ = {isa = PBXFileReference; lastKnownFileType = folder.assetcatalog; path = Assets.xcassets; sourceTree = "<group>"; };
		37BD319C1FEDA151005AF17F /* Base */ = {isa = PBXFileReference; lastKnownFileType = file.storyboard; name = Base; path = Base.lproj/Main.storyboard; sourceTree = "<group>"; };
		37BD319E1FEDA151005AF17F /* Info.plist */ = {isa = PBXFileReference; lastKnownFileType = text.plist.xml; path = Info.plist; sourceTree = "<group>"; };
		37BD319F1FEDA151005AF17F /* BuildButton.entitlements */ = {isa = PBXFileReference; lastKnownFileType = text.plist.entitlements; path = BuildButton.entitlements; sourceTree = "<group>"; };
		37BD31A41FEDA151005AF17F /* BuildButtonTests.xctest */ = {isa = PBXFileReference; explicitFileType = wrapper.cfbundle; includeInIndex = 0; path = BuildButtonTests.xctest; sourceTree = BUILT_PRODUCTS_DIR; };
		37BD31A81FEDA151005AF17F /* BuildButtonTests.swift */ = {isa = PBXFileReference; lastKnownFileType = sourcecode.swift; path = BuildButtonTests.swift; sourceTree = "<group>"; };
		37BD31AA1FEDA151005AF17F /* Info.plist */ = {isa = PBXFileReference; lastKnownFileType = text.plist.xml; path = Info.plist; sourceTree = "<group>"; };
		37C1ADE51FEF305F00430574 /* PreferencesViewController.swift */ = {isa = PBXFileReference; lastKnownFileType = sourcecode.swift; path = PreferencesViewController.swift; sourceTree = "<group>"; };
		37C1ADE71FEF338200430574 /* EventMonitor.swift */ = {isa = PBXFileReference; lastKnownFileType = sourcecode.swift; path = EventMonitor.swift; sourceTree = "<group>"; };
/* End PBXFileReference section */

/* Begin PBXFrameworksBuildPhase section */
		37BD318F1FEDA151005AF17F /* Frameworks */ = {
			isa = PBXFrameworksBuildPhase;
			buildActionMask = 2147483647;
			files = (
			);
			runOnlyForDeploymentPostprocessing = 0;
		};
		37BD31A11FEDA151005AF17F /* Frameworks */ = {
			isa = PBXFrameworksBuildPhase;
			buildActionMask = 2147483647;
			files = (
			);
			runOnlyForDeploymentPostprocessing = 0;
		};
/* End PBXFrameworksBuildPhase section */

/* Begin PBXGroup section */
		377570841FEFD4420087D487 /* Scripting */ = {
			isa = PBXGroup;
			children = (
				377570821FEF98EE0087D487 /* BuildButton.sdef */,
				377570851FEFD4540087D487 /* FinishCommand.swift */,
				377570871FEFD9860087D487 /* run_in_terminal.scpt */,
			);
			path = Scripting;
			sourceTree = "<group>";
		};
		37BD31891FEDA151005AF17F = {
			isa = PBXGroup;
			children = (
				37BD31941FEDA151005AF17F /* BuildButton */,
				37BD31A71FEDA151005AF17F /* BuildButtonTests */,
				37BD31931FEDA151005AF17F /* Products */,
			);
			sourceTree = "<group>";
		};
		37BD31931FEDA151005AF17F /* Products */ = {
			isa = PBXGroup;
			children = (
				37BD31921FEDA151005AF17F /* BuildButton.app */,
				37BD31A41FEDA151005AF17F /* BuildButtonTests.xctest */,
			);
			name = Products;
			sourceTree = "<group>";
		};
		37BD31941FEDA151005AF17F /* BuildButton */ = {
			isa = PBXGroup;
			children = (
				37BD31951FEDA151005AF17F /* AppDelegate.swift */,
				377570841FEFD4420087D487 /* Scripting */,
				37C1ADE71FEF338200430574 /* EventMonitor.swift */,
				375784DA1FEEEB0600EC9C18 /* BLEManager.swift */,
				37C1ADE51FEF305F00430574 /* PreferencesViewController.swift */,
				37BD31991FEDA151005AF17F /* Assets.xcassets */,
				37BD319B1FEDA151005AF17F /* Main.storyboard */,
				37BD319E1FEDA151005AF17F /* Info.plist */,
				37BD319F1FEDA151005AF17F /* BuildButton.entitlements */,
			);
			path = BuildButton;
			sourceTree = "<group>";
		};
		37BD31A71FEDA151005AF17F /* BuildButtonTests */ = {
			isa = PBXGroup;
			children = (
				37BD31A81FEDA151005AF17F /* BuildButtonTests.swift */,
				37BD31AA1FEDA151005AF17F /* Info.plist */,
			);
			path = BuildButtonTests;
			sourceTree = "<group>";
		};
/* End PBXGroup section */

/* Begin PBXNativeTarget section */
		37BD31911FEDA151005AF17F /* BuildButton */ = {
			isa = PBXNativeTarget;
			buildConfigurationList = 37BD31AD1FEDA151005AF17F /* Build configuration list for PBXNativeTarget "BuildButton" */;
			buildPhases = (
				37BD318E1FEDA151005AF17F /* Sources */,
				37BD318F1FEDA151005AF17F /* Frameworks */,
				37BD31901FEDA151005AF17F /* Resources */,
			);
			buildRules = (
			);
			dependencies = (
			);
			name = BuildButton;
			productName = BuildButton;
			productReference = 37BD31921FEDA151005AF17F /* BuildButton.app */;
			productType = "com.apple.product-type.application";
		};
		37BD31A31FEDA151005AF17F /* BuildButtonTests */ = {
			isa = PBXNativeTarget;
			buildConfigurationList = 37BD31B01FEDA151005AF17F /* Build configuration list for PBXNativeTarget "BuildButtonTests" */;
			buildPhases = (
				37BD31A01FEDA151005AF17F /* Sources */,
				37BD31A11FEDA151005AF17F /* Frameworks */,
				37BD31A21FEDA151005AF17F /* Resources */,
			);
			buildRules = (
			);
			dependencies = (
				37BD31A61FEDA151005AF17F /* PBXTargetDependency */,
			);
			name = BuildButtonTests;
			productName = BuildButtonTests;
			productReference = 37BD31A41FEDA151005AF17F /* BuildButtonTests.xctest */;
			productType = "com.apple.product-type.bundle.unit-test";
		};
/* End PBXNativeTarget section */

/* Begin PBXProject section */
		37BD318A1FEDA151005AF17F /* Project object */ = {
			isa = PBXProject;
			attributes = {
				LastSwiftUpdateCheck = 0920;
				LastUpgradeCheck = 0920;
				ORGANIZATIONNAME = Base;
				TargetAttributes = {
					37BD31911FEDA151005AF17F = {
						CreatedOnToolsVersion = 9.2;
						ProvisioningStyle = Automatic;
					};
					37BD31A31FEDA151005AF17F = {
						CreatedOnToolsVersion = 9.2;
						ProvisioningStyle = Automatic;
						TestTargetID = 37BD31911FEDA151005AF17F;
					};
				};
			};
			buildConfigurationList = 37BD318D1FEDA151005AF17F /* Build configuration list for PBXProject "BuildButton" */;
			compatibilityVersion = "Xcode 8.0";
			developmentRegion = en;
			hasScannedForEncodings = 0;
			knownRegions = (
				en,
				Base,
			);
			mainGroup = 37BD31891FEDA151005AF17F;
			productRefGroup = 37BD31931FEDA151005AF17F /* Products */;
			projectDirPath = "";
			projectRoot = "";
			targets = (
				37BD31911FEDA151005AF17F /* BuildButton */,
				37BD31A31FEDA151005AF17F /* BuildButtonTests */,
			);
		};
/* End PBXProject section */

/* Begin PBXResourcesBuildPhase section */
		37BD31901FEDA151005AF17F /* Resources */ = {
			isa = PBXResourcesBuildPhase;
			buildActionMask = 2147483647;
			files = (
				37BD319A1FEDA151005AF17F /* Assets.xcassets in Resources */,
				377570831FEF98EE0087D487 /* BuildButton.sdef in Resources */,
				377570881FEFD9860087D487 /* run_in_terminal.scpt in Resources */,
				37BD319D1FEDA151005AF17F /* Main.storyboard in Resources */,
			);
			runOnlyForDeploymentPostprocessing = 0;
		};
		37BD31A21FEDA151005AF17F /* Resources */ = {
			isa = PBXResourcesBuildPhase;
			buildActionMask = 2147483647;
			files = (
			);
			runOnlyForDeploymentPostprocessing = 0;
		};
/* End PBXResourcesBuildPhase section */

/* Begin PBXSourcesBuildPhase section */
		37BD318E1FEDA151005AF17F /* Sources */ = {
			isa = PBXSourcesBuildPhase;
			buildActionMask = 2147483647;
			files = (
				37C1ADE61FEF305F00430574 /* PreferencesViewController.swift in Sources */,
				375784DB1FEEEB0600EC9C18 /* BLEManager.swift in Sources */,
				377570861FEFD4540087D487 /* FinishCommand.swift in Sources */,
				37BD31961FEDA151005AF17F /* AppDelegate.swift in Sources */,
				37C1ADE81FEF338200430574 /* EventMonitor.swift in Sources */,
			);
			runOnlyForDeploymentPostprocessing = 0;
		};
		37BD31A01FEDA151005AF17F /* Sources */ = {
			isa = PBXSourcesBuildPhase;
			buildActionMask = 2147483647;
			files = (
				37BD31A91FEDA151005AF17F /* BuildButtonTests.swift in Sources */,
			);
			runOnlyForDeploymentPostprocessing = 0;
		};
/* End PBXSourcesBuildPhase section */

/* Begin PBXTargetDependency section */
		37BD31A61FEDA151005AF17F /* PBXTargetDependency */ = {
			isa = PBXTargetDependency;
			target = 37BD31911FEDA151005AF17F /* BuildButton */;
			targetProxy = 37BD31A51FEDA151005AF17F /* PBXContainerItemProxy */;
		};
/* End PBXTargetDependency section */

/* Begin PBXVariantGroup section */
		37BD319B1FEDA151005AF17F /* Main.storyboard */ = {
			isa = PBXVariantGroup;
			children = (
				37BD319C1FEDA151005AF17F /* Base */,
			);
			name = Main.storyboard;
			sourceTree = "<group>";
		};
/* End PBXVariantGroup section */

/* Begin XCBuildConfiguration section */
		37BD31AB1FEDA151005AF17F /* Debug */ = {
			isa = XCBuildConfiguration;
			buildSettings = {
				ALWAYS_SEARCH_USER_PATHS = NO;
				CLANG_ANALYZER_NONNULL = YES;
				CLANG_ANALYZER_NUMBER_OBJECT_CONVERSION = YES_AGGRESSIVE;
				CLANG_CXX_LANGUAGE_STANDARD = "gnu++14";
				CLANG_CXX_LIBRARY = "libc++";
				CLANG_ENABLE_MODULES = YES;
				CLANG_ENABLE_OBJC_ARC = YES;
				CLANG_WARN_BLOCK_CAPTURE_AUTORELEASING = YES;
				CLANG_WARN_BOOL_CONVERSION = YES;
				CLANG_WARN_COMMA = YES;
				CLANG_WARN_CONSTANT_CONVERSION = YES;
				CLANG_WARN_DIRECT_OBJC_ISA_USAGE = YES_ERROR;
				CLANG_WARN_DOCUMENTATION_COMMENTS = YES;
				CLANG_WARN_EMPTY_BODY = YES;
				CLANG_WARN_ENUM_CONVERSION = YES;
				CLANG_WARN_INFINITE_RECURSION = YES;
				CLANG_WARN_INT_CONVERSION = YES;
				CLANG_WARN_NON_LITERAL_NULL_CONVERSION = YES;
				CLANG_WARN_OBJC_LITERAL_CONVERSION = YES;
				CLANG_WARN_OBJC_ROOT_CLASS = YES_ERROR;
				CLANG_WARN_RANGE_LOOP_ANALYSIS = YES;
				CLANG_WARN_STRICT_PROTOTYPES = YES;
				CLANG_WARN_SUSPICIOUS_MOVE = YES;
				CLANG_WARN_UNGUARDED_AVAILABILITY = YES_AGGRESSIVE;
				CLANG_WARN_UNREACHABLE_CODE = YES;
				CLANG_WARN__DUPLICATE_METHOD_MATCH = YES;
				CODE_SIGN_IDENTITY = "Mac Developer";
				COPY_PHASE_STRIP = NO;
				DEBUG_INFORMATION_FORMAT = dwarf;
				ENABLE_STRICT_OBJC_MSGSEND = YES;
				ENABLE_TESTABILITY = YES;
				GCC_C_LANGUAGE_STANDARD = gnu11;
				GCC_DYNAMIC_NO_PIC = NO;
				GCC_NO_COMMON_BLOCKS = YES;
				GCC_OPTIMIZATION_LEVEL = 0;
				GCC_PREPROCESSOR_DEFINITIONS = (
					"DEBUG=1",
					"$(inherited)",
				);
				GCC_WARN_64_TO_32_BIT_CONVERSION = YES;
				GCC_WARN_ABOUT_RETURN_TYPE = YES_ERROR;
				GCC_WARN_UNDECLARED_SELECTOR = YES;
				GCC_WARN_UNINITIALIZED_AUTOS = YES_AGGRESSIVE;
				GCC_WARN_UNUSED_FUNCTION = YES;
				GCC_WARN_UNUSED_VARIABLE = YES;
				MACOSX_DEPLOYMENT_TARGET = 10.13;
				MTL_ENABLE_DEBUG_INFO = YES;
				ONLY_ACTIVE_ARCH = YES;
				SDKROOT = macosx;
				SWIFT_ACTIVE_COMPILATION_CONDITIONS = DEBUG;
				SWIFT_OPTIMIZATION_LEVEL = "-Onone";
			};
			name = Debug;
		};
		37BD31AC1FEDA151005AF17F /* Release */ = {
			isa = XCBuildConfiguration;
			buildSettings = {
				ALWAYS_SEARCH_USER_PATHS = NO;
				CLANG_ANALYZER_NONNULL = YES;
				CLANG_ANALYZER_NUMBER_OBJECT_CONVERSION = YES_AGGRESSIVE;
				CLANG_CXX_LANGUAGE_STANDARD = "gnu++14";
				CLANG_CXX_LIBRARY = "libc++";
				CLANG_ENABLE_MODULES = YES;
				CLANG_ENABLE_OBJC_ARC = YES;
				CLANG_WARN_BLOCK_CAPTURE_AUTORELEASING = YES;
				CLANG_WARN_BOOL_CONVERSION = YES;
				CLANG_WARN_COMMA = YES;
				CLANG_WARN_CONSTANT_CONVERSION = YES;
				CLANG_WARN_DIRECT_OBJC_ISA_USAGE = YES_ERROR;
				CLANG_WARN_DOCUMENTATION_COMMENTS = YES;
				CLANG_WARN_EMPTY_BODY = YES;
				CLANG_WARN_ENUM_CONVERSION = YES;
				CLANG_WARN_INFINITE_RECURSION = YES;
				CLANG_WARN_INT_CONVERSION = YES;
				CLANG_WARN_NON_LITERAL_NULL_CONVERSION = YES;
				CLANG_WARN_OBJC_LITERAL_CONVERSION = YES;
				CLANG_WARN_OBJC_ROOT_CLASS = YES_ERROR;
				CLANG_WARN_RANGE_LOOP_ANALYSIS = YES;
				CLANG_WARN_STRICT_PROTOTYPES = YES;
				CLANG_WARN_SUSPICIOUS_MOVE = YES;
				CLANG_WARN_UNGUARDED_AVAILABILITY = YES_AGGRESSIVE;
				CLANG_WARN_UNREACHABLE_CODE = YES;
				CLANG_WARN__DUPLICATE_METHOD_MATCH = YES;
				CODE_SIGN_IDENTITY = "Mac Developer";
				COPY_PHASE_STRIP = NO;
				DEBUG_INFORMATION_FORMAT = "dwarf-with-dsym";
				ENABLE_NS_ASSERTIONS = NO;
				ENABLE_STRICT_OBJC_MSGSEND = YES;
				GCC_C_LANGUAGE_STANDARD = gnu11;
				GCC_NO_COMMON_BLOCKS = YES;
				GCC_WARN_64_TO_32_BIT_CONVERSION = YES;
				GCC_WARN_ABOUT_RETURN_TYPE = YES_ERROR;
				GCC_WARN_UNDECLARED_SELECTOR = YES;
				GCC_WARN_UNINITIALIZED_AUTOS = YES_AGGRESSIVE;
				GCC_WARN_UNUSED_FUNCTION = YES;
				GCC_WARN_UNUSED_VARIABLE = YES;
				MACOSX_DEPLOYMENT_TARGET = 10.13;
				MTL_ENABLE_DEBUG_INFO = NO;
				SDKROOT = macosx;
				SWIFT_OPTIMIZATION_LEVEL = "-Owholemodule";
			};
			name = Release;
		};
		37BD31AE1FEDA151005AF17F /* Debug */ = {
			isa = XCBuildConfiguration;
			buildSettings = {
				ASSETCATALOG_COMPILER_APPICON_NAME = AppIcon;
				CODE_SIGN_STYLE = Automatic;
				COMBINE_HIDPI_IMAGES = YES;
				DEVELOPMENT_TEAM = Y8JL4GUYW3;
				INFOPLIST_FILE = BuildButton/Info.plist;
				LD_RUNPATH_SEARCH_PATHS = "$(inherited) @executable_path/../Frameworks";
				PRODUCT_BUNDLE_IDENTIFIER = com.getbase.BuildButton;
				PRODUCT_NAME = "$(TARGET_NAME)";
				SWIFT_VERSION = 4.0;
			};
			name = Debug;
		};
		37BD31AF1FEDA151005AF17F /* Release */ = {
			isa = XCBuildConfiguration;
			buildSettings = {
				ASSETCATALOG_COMPILER_APPICON_NAME = AppIcon;
				CODE_SIGN_STYLE = Automatic;
				COMBINE_HIDPI_IMAGES = YES;
				DEVELOPMENT_TEAM = Y8JL4GUYW3;
				INFOPLIST_FILE = BuildButton/Info.plist;
				LD_RUNPATH_SEARCH_PATHS = "$(inherited) @executable_path/../Frameworks";
				PRODUCT_BUNDLE_IDENTIFIER = com.getbase.BuildButton;
				PRODUCT_NAME = "$(TARGET_NAME)";
				SWIFT_VERSION = 4.0;
			};
			name = Release;
		};
		37BD31B11FEDA151005AF17F /* Debug */ = {
			isa = XCBuildConfiguration;
			buildSettings = {
				ALWAYS_EMBED_SWIFT_STANDARD_LIBRARIES = YES;
				BUNDLE_LOADER = "$(TEST_HOST)";
				CODE_SIGN_STYLE = Automatic;
				COMBINE_HIDPI_IMAGES = YES;
				DEVELOPMENT_TEAM = Y8JL4GUYW3;
				INFOPLIST_FILE = BuildButtonTests/Info.plist;
				LD_RUNPATH_SEARCH_PATHS = "$(inherited) @executable_path/../Frameworks @loader_path/../Frameworks";
				PRODUCT_BUNDLE_IDENTIFIER = com.getbase.BuildButtonTests;
				PRODUCT_NAME = "$(TARGET_NAME)";
				SWIFT_VERSION = 4.0;
				TEST_HOST = "$(BUILT_PRODUCTS_DIR)/BuildButton.app/Contents/MacOS/BuildButton";
			};
			name = Debug;
		};
		37BD31B21FEDA151005AF17F /* Release */ = {
			isa = XCBuildConfiguration;
			buildSettings = {
				ALWAYS_EMBED_SWIFT_STANDARD_LIBRARIES = YES;
				BUNDLE_LOADER = "$(TEST_HOST)";
				CODE_SIGN_STYLE = Automatic;
				COMBINE_HIDPI_IMAGES = YES;
				DEVELOPMENT_TEAM = Y8JL4GUYW3;
				INFOPLIST_FILE = BuildButtonTests/Info.plist;
				LD_RUNPATH_SEARCH_PATHS = "$(inherited) @executable_path/../Frameworks @loader_path/../Frameworks";
				PRODUCT_BUNDLE_IDENTIFIER = com.getbase.BuildButtonTests;
				PRODUCT_NAME = "$(TARGET_NAME)";
				SWIFT_VERSION = 4.0;
				TEST_HOST = "$(BUILT_PRODUCTS_DIR)/BuildButton.app/Contents/MacOS/BuildButton";
			};
			name = Release;
		};
/* End XCBuildConfiguration section */

/* Begin XCConfigurationList section */
		37BD318D1FEDA151005AF17F /* Build configuration list for PBXProject "BuildButton" */ = {
			isa = XCConfigurationList;
			buildConfigurations = (
				37BD31AB1FEDA151005AF17F /* Debug */,
				37BD31AC1FEDA151005AF17F /* Release */,
			);
			defaultConfigurationIsVisible = 0;
			defaultConfigurationName = Release;
		};
		37BD31AD1FEDA151005AF17F /* Build configuration list for PBXNativeTarget "BuildButton" */ = {
			isa = XCConfigurationList;
			buildConfigurations = (
				37BD31AE1FEDA151005AF17F /* Debug */,
				37BD31AF1FEDA151005AF17F /* Release */,
			);
			defaultConfigurationIsVisible = 0;
			defaultConfigurationName = Release;
		};
		37BD31B01FEDA151005AF17F /* Build configuration list for PBXNativeTarget "BuildButtonTests" */ = {
			isa = XCConfigurationList;
			buildConfigurations = (
				37BD31B11FEDA151005AF17F /* Debug */,
				37BD31B21FEDA151005AF17F /* Release */,
			);
			defaultConfigurationIsVisible = 0;
			defaultConfigurationName = Release;
		};
/* End XCConfigurationList section */
	};
	rootObject = 37BD318A1FEDA151005AF17F /* Project object */;
}
